{
    "_readme": [
        "This file locks the dependencies of your project to a known state",
        "Read more about it at https://getcomposer.org/doc/01-basic-usage.md#installing-dependencies",
        "This file is @generated automatically"
    ],
    "content-hash": "35ca39dea8bca4655fb4fad7f32ba18e",
    "packages": [],
    "packages-dev": [
        {
            "name": "php-parallel-lint/php-console-color",
            "version": "v0.3",
            "source": {
                "type": "git",
                "url": "https://github.com/php-parallel-lint/PHP-Console-Color.git",
                "reference": "b6af326b2088f1ad3b264696c9fd590ec395b49e"
            },
            "dist": {
                "type": "zip",
                "url": "https://api.github.com/repos/php-parallel-lint/PHP-Console-Color/zipball/b6af326b2088f1ad3b264696c9fd590ec395b49e",
                "reference": "b6af326b2088f1ad3b264696c9fd590ec395b49e",
                "shasum": ""
            },
            "require": {
                "php": ">=5.4.0"
            },
            "replace": {
                "jakub-onderka/php-console-color": "*"
            },
            "require-dev": {
                "php-parallel-lint/php-code-style": "1.0",
                "php-parallel-lint/php-parallel-lint": "1.0",
                "php-parallel-lint/php-var-dump-check": "0.*",
                "phpunit/phpunit": "~4.3",
                "squizlabs/php_codesniffer": "1.*"
            },
            "type": "library",
            "autoload": {
                "psr-4": {
                    "JakubOnderka\\PhpConsoleColor\\": "src/"
                }
            },
            "notification-url": "https://packagist.org/downloads/",
            "license": [
                "BSD-2-Clause"
            ],
            "authors": [
                {
                    "name": "Jakub Onderka",
                    "email": "jakub.onderka@gmail.com"
                }
            ],
            "support": {
                "issues": "https://github.com/php-parallel-lint/PHP-Console-Color/issues",
                "source": "https://github.com/php-parallel-lint/PHP-Console-Color/tree/master"
            },
            "time": "2020-05-14T05:47:14+00:00"
        },
        {
            "name": "php-parallel-lint/php-console-highlighter",
            "version": "v0.5",
            "source": {
                "type": "git",
                "url": "https://github.com/php-parallel-lint/PHP-Console-Highlighter.git",
                "reference": "21bf002f077b177f056d8cb455c5ed573adfdbb8"
            },
            "dist": {
                "type": "zip",
                "url": "https://api.github.com/repos/php-parallel-lint/PHP-Console-Highlighter/zipball/21bf002f077b177f056d8cb455c5ed573adfdbb8",
                "reference": "21bf002f077b177f056d8cb455c5ed573adfdbb8",
                "shasum": ""
            },
            "require": {
                "ext-tokenizer": "*",
                "php": ">=5.4.0",
                "php-parallel-lint/php-console-color": "~0.2"
            },
            "replace": {
                "jakub-onderka/php-console-highlighter": "*"
            },
            "require-dev": {
                "php-parallel-lint/php-code-style": "~1.0",
                "php-parallel-lint/php-parallel-lint": "~1.0",
                "php-parallel-lint/php-var-dump-check": "~0.1",
                "phpunit/phpunit": "~4.0",
                "squizlabs/php_codesniffer": "~1.5"
            },
            "type": "library",
            "autoload": {
                "psr-4": {
                    "JakubOnderka\\PhpConsoleHighlighter\\": "src/"
                }
            },
            "notification-url": "https://packagist.org/downloads/",
            "license": [
                "MIT"
            ],
            "authors": [
                {
                    "name": "Jakub Onderka",
                    "email": "acci@acci.cz",
                    "homepage": "http://www.acci.cz/"
                }
            ],
            "description": "Highlight PHP code in terminal",
            "support": {
                "issues": "https://github.com/php-parallel-lint/PHP-Console-Highlighter/issues",
                "source": "https://github.com/php-parallel-lint/PHP-Console-Highlighter/tree/master"
            },
            "time": "2020-05-13T07:37:49+00:00"
        }
    ],
    "aliases": [],
    "minimum-stability": "stable",
    "stability-flags": [],
    "prefer-stable": false,
    "prefer-lowest": false,
    "platform": [],
    "platform-dev": [],
    "plugin-api-version": "2.3.0"
}
