{
    "_readme": [
        "This file locks the dependencies of your project to a known state",
        "Read more about it at https://getcomposer.org/doc/01-basic-usage.md#installing-dependencies",
        "This file is @generated automatically"
    ],
    "content-hash": "b6a34f5cec3f7a2220c00d1f1efedb32",
    "packages": [],
    "packages-dev": [
        {
            "name": "jakub-onderka/php-console-color",
            "version": "v0.2",
            "source": {
                "type": "git",
                "url": "https://github.com/JakubOnderka/PHP-Console-Color.git",
                "reference": "d5deaecff52a0d61ccb613bb3804088da0307191"
            },
            "dist": {
                "type": "zip",
                "url": "https://api.github.com/repos/JakubOnderka/PHP-Console-Color/zipball/d5deaecff52a0d61ccb613bb3804088da0307191",
                "reference": "d5deaecff52a0d61ccb613bb3804088da0307191",
                "shasum": ""
            },
            "require": {
                "php": ">=5.4.0"
            },
            "require-dev": {
                "jakub-onderka/php-code-style": "1.0",
                "jakub-onderka/php-parallel-lint": "1.0",
                "jakub-onderka/php-var-dump-check": "0.*",
                "phpunit/phpunit": "~4.3",
                "squizlabs/php_codesniffer": "1.*"
            },
            "type": "library",
            "autoload": {
                "psr-4": {
                    "JakubOnderka\\PhpConsoleColor\\": "src/"
                }
            },
            "notification-url": "https://packagist.org/downloads/",
            "license": [
                "BSD-2-Clause"
            ],
            "authors": [
                {
                    "name": "Jakub Onderka",
                    "email": "jakub.onderka@gmail.com"
                }
            ],
            "support": {
                "issues": "https://github.com/JakubOnderka/PHP-Console-Color/issues",
                "source": "https://github.com/JakubOnderka/PHP-Console-Color/tree/master"
            },
            "abandoned": "php-parallel-lint/php-console-color",
            "time": "2018-09-29T17:23:10+00:00"
        },
        {
            "name": "php-parallel-lint/php-console-highlighter",
            "version": "v0.4",
            "source": {
                "type": "git",
                "url": "https://github.com/php-parallel-lint/PHP-Console-Highlighter.git",
                "reference": "9f7a229a69d52506914b4bc61bfdb199d90c5547"
            },
            "dist": {
                "type": "zip",
                "url": "https://api.github.com/repos/php-parallel-lint/PHP-Console-Highlighter/zipball/9f7a229a69d52506914b4bc61bfdb199d90c5547",
                "reference": "9f7a229a69d52506914b4bc61bfdb199d90c5547",
                "shasum": ""
            },
            "require": {
                "ext-tokenizer": "*",
                "jakub-onderka/php-console-color": "~0.2",
                "php": ">=5.4.0"
            },
            "require-dev": {
                "jakub-onderka/php-code-style": "~1.0",
                "jakub-onderka/php-parallel-lint": "~1.0",
                "jakub-onderka/php-var-dump-check": "~0.1",
                "phpunit/phpunit": "~4.0",
                "squizlabs/php_codesniffer": "~1.5"
            },
            "type": "library",
            "autoload": {
                "psr-4": {
                    "JakubOnderka\\PhpConsoleHighlighter\\": "src/"
                }
            },
            "notification-url": "https://packagist.org/downloads/",
            "license": [
                "MIT"
            ],
            "authors": [
                {
                    "name": "Jakub Onderka",
                    "email": "acci@acci.cz",
                    "homepage": "http://www.acci.cz/"
                }
            ],
            "description": "Highlight PHP code in terminal",
            "support": {
                "source": "https://github.com/php-parallel-lint/PHP-Console-Highlighter/tree/v0.4"
            },
            "time": "2018-09-29T18:48:56+00:00"
        }
    ],
    "aliases": [],
    "minimum-stability": "stable",
    "stability-flags": [],
    "prefer-stable": false,
    "prefer-lowest": false,
    "platform": [],
    "platform-dev": [],
    "plugin-api-version": "2.1.0"
}
